
Microsoft Visual Studio Solution File, Format Version 12.00
# Visual Studio Version 16
VisualStudioVersion = 16.0.30204.135
MinimumVisualStudioVersion = 15.0.26124.0
Project("{9A19103F-16F7-4668-BE54-9A1E7A4F7556}") = "Sia.Skynet", "src\Sia.Skynet\Sia.Skynet.csproj", "{8311C892-9E0F-43C0-890A-CCBF78697DCB}"
EndProject
Project("{FAE04EC0-301F-11D3-BF4B-00C04F79EFBC}") = "Sia.Skynet.Tests", "test\Sia.Skynet.Tests\Sia.Skynet.Tests.csproj", "{E09803B4-D8B0-4F16-BD77-70934B341453}"
EndProject
Global
	GlobalSection(SolutionConfigurationPlatforms) = preSolution
		Debug|Any CPU = Debug|Any CPU
		Debug|x64 = Debug|x64
		Debug|x86 = Debug|x86
		Release|Any CPU = Release|Any CPU
		Release|x64 = Release|x64
		Release|x86 = Release|x86
	EndGlobalSection
	GlobalSection(ProjectConfigurationPlatforms) = postSolution
		{8311C892-9E0F-43C0-890A-CCBF78697DCB}.Debug|Any CPU.ActiveCfg = Debug|Any CPU
		{8311C892-9E0F-43C0-890A-CCBF78697DCB}.Debug|Any CPU.Build.0 = Debug|Any CPU
		{8311C892-9E0F-43C0-890A-CCBF78697DCB}.Debug|x64.ActiveCfg = Debug|Any CPU
		{8311C892-9E0F-43C0-890A-CCBF78697DCB}.Debug|x64.Build.0 = Debug|Any CPU
		{8311C892-9E0F-43C0-890A-CCBF78697DCB}.Debug|x86.ActiveCfg = Debug|Any CPU
		{8311C892-9E0F-43C0-890A-CCBF78697DCB}.Debug|x86.Build.0 = Debug|Any CPU
		{8311C892-9E0F-43C0-890A-CCBF78697DCB}.Release|Any CPU.ActiveCfg = Release|Any CPU
		{8311C892-9E0F-43C0-890A-CCBF78697DCB}.Release|Any CPU.Build.0 = Release|Any CPU
		{8311C892-9E0F-43C0-890A-CCBF78697DCB}.Release|x64.ActiveCfg = Release|Any CPU
		{8311C892-9E0F-43C0-890A-CCBF78697DCB}.Release|x64.Build.0 = Release|Any CPU
		{8311C892-9E0F-43C0-890A-CCBF78697DCB}.Release|x86.ActiveCfg = Release|Any CPU
		{8311C892-9E0F-43C0-890A-CCBF78697DCB}.Release|x86.Build.0 = Release|Any CPU
		{E09803B4-D8B0-4F16-BD77-70934B341453}.Debug|Any CPU.ActiveCfg = Debug|Any CPU
		{E09803B4-D8B0-4F16-BD77-70934B341453}.Debug|Any CPU.Build.0 = Debug|Any CPU
		{E09803B4-D8B0-4F16-BD77-70934B341453}.Debug|x64.ActiveCfg = Debug|Any CPU
		{E09803B4-D8B0-4F16-BD77-70934B341453}.Debug|x64.Build.0 = Debug|Any CPU
		{E09803B4-D8B0-4F16-BD77-70934B341453}.Debug|x86.ActiveCfg = Debug|Any CPU
		{E09803B4-D8B0-4F16-BD77-70934B341453}.Debug|x86.Build.0 = Debug|Any CPU
		{E09803B4-D8B0-4F16-BD77-70934B341453}.Release|Any CPU.ActiveCfg = Release|Any CPU
		{E09803B4-D8B0-4F16-BD77-70934B341453}.Release|Any CPU.Build.0 = Release|Any CPU
		{E09803B4-D8B0-4F16-BD77-70934B341453}.Release|x64.ActiveCfg = Release|Any CPU
		{E09803B4-D8B0-4F16-BD77-70934B341453}.Release|x64.Build.0 = Release|Any CPU
		{E09803B4-D8B0-4F16-BD77-70934B341453}.Release|x86.ActiveCfg = Release|Any CPU
		{E09803B4-D8B0-4F16-BD77-70934B341453}.Release|x86.Build.0 = Release|Any CPU
	EndGlobalSection
	GlobalSection(SolutionProperties) = preSolution
		HideSolutionNode = FALSE
	EndGlobalSection
	GlobalSection(ExtensibilityGlobals) = postSolution
		SolutionGuid = {B276C9B0-E278-421D-A90D-97C13F7D3DD5}
	EndGlobalSection
EndGlobal
